// !$*UTF8*$!
{
	archiveVersion = 1;
	classes = {
	};
	objectVersion = 50;
	objects = {

/* Begin PBXBuildFile section */
		344538E521D539C100959319 /* AppDelegate.swift in Sources */ = {isa = PBXBuildFile; fileRef = 344538E421D539C100959319 /* AppDelegate.swift */; };
		344538EC21D539C100959319 /* Assets.xcassets in Resources */ = {isa = PBXBuildFile; fileRef = 344538EB21D539C100959319 /* Assets.xcassets */; };
		344538EF21D539C100959319 /* LaunchScreen.storyboard in Resources */ = {isa = PBXBuildFile; fileRef = 344538ED21D539C100959319 /* LaunchScreen.storyboard */; };
		344538F821D53A4900959319 /* Application.swift in Sources */ = {isa = PBXBuildFile; fileRef = 344538F721D53A4900959319 /* Application.swift */; };
		344538FB21D53A9500959319 /* ModulesCoordinator.swift in Sources */ = {isa = PBXBuildFile; fileRef = 344538FA21D53A9500959319 /* ModulesCoordinator.swift */; };
		3445390521D53C6700959319 /* FlickraInteractor.swift in Sources */ = {isa = PBXBuildFile; fileRef = 3445390421D53C6700959319 /* FlickraInteractor.swift */; };
		3445390721D53C8500959319 /* FlickraInteractorProtocol.swift in Sources */ = {isa = PBXBuildFile; fileRef = 3445390621D53C8500959319 /* FlickraInteractorProtocol.swift */; };
		3445390921D53CA200959319 /* FlickraPresenter.swift in Sources */ = {isa = PBXBuildFile; fileRef = 3445390821D53CA200959319 /* FlickraPresenter.swift */; };
		3445390B21D53CB400959319 /* FlickraPresenterProtocol.swift in Sources */ = {isa = PBXBuildFile; fileRef = 3445390A21D53CB400959319 /* FlickraPresenterProtocol.swift */; };
		3445390D21D53CF100959319 /* FlickraAssembly.swift in Sources */ = {isa = PBXBuildFile; fileRef = 3445390C21D53CF100959319 /* FlickraAssembly.swift */; };
		3445390F21D53D4400959319 /* FlickraView.swift in Sources */ = {isa = PBXBuildFile; fileRef = 3445390E21D53D4400959319 /* FlickraView.swift */; };
		3445391121D53D6900959319 /* FlickraStoryboard.storyboard in Resources */ = {isa = PBXBuildFile; fileRef = 3445391021D53D6900959319 /* FlickraStoryboard.storyboard */; };
		3445391321D5456800959319 /* FlickraViewProtocol.swift in Sources */ = {isa = PBXBuildFile; fileRef = 3445391221D5456800959319 /* FlickraViewProtocol.swift */; };
		3445391A21D60E2600959319 /* PhotosResponse.swift in Sources */ = {isa = PBXBuildFile; fileRef = 3445391921D60E2600959319 /* PhotosResponse.swift */; };
		3457242D21D7840E004A806A /* PhotoCellView.swift in Sources */ = {isa = PBXBuildFile; fileRef = 3457242C21D7840E004A806A /* PhotoCellView.swift */; };
		3457243021D7851D004A806A /* PhotoCellViewProtocol.swift in Sources */ = {isa = PBXBuildFile; fileRef = 3457242F21D7851D004A806A /* PhotoCellViewProtocol.swift */; };
		3457243221D78559004A806A /* PhotoCellView.xib in Resources */ = {isa = PBXBuildFile; fileRef = 3457243121D78559004A806A /* PhotoCellView.xib */; };
		3457243421D792A1004A806A /* PhotosStorage.swift in Sources */ = {isa = PBXBuildFile; fileRef = 3457243321D792A1004A806A /* PhotosStorage.swift */; };
		3457243621D7942B004A806A /* PhotosStorageProtocol.swift in Sources */ = {isa = PBXBuildFile; fileRef = 3457243521D7942B004A806A /* PhotosStorageProtocol.swift */; };
		3457243921D8CB20004A806A /* PhotosModel.swift in Sources */ = {isa = PBXBuildFile; fileRef = 3457243821D8CB20004A806A /* PhotosModel.swift */; };
		659C11F18D8A37BC333C6030 /* Pods_FlickraTable.framework in Frameworks */ = {isa = PBXBuildFile; fileRef = FBBA956EB40621598DFBD4A3 /* Pods_FlickraTable.framework */; };
/* End PBXBuildFile section */

/* Begin PBXFileReference section */
		1FA3C0ABD4FC3DDF19584E89 /* Pods-FlickraTable.release.xcconfig */ = {isa = PBXFileReference; includeInIndex = 1; lastKnownFileType = text.xcconfig; name = "Pods-FlickraTable.release.xcconfig"; path = "Pods/Target Support Files/Pods-FlickraTable/Pods-FlickraTable.release.xcconfig"; sourceTree = "<group>"; };
		344538E121D539C100959319 /* FlickraTable.app */ = {isa = PBXFileReference; explicitFileType = wrapper.application; includeInIndex = 0; path = FlickraTable.app; sourceTree = BUILT_PRODUCTS_DIR; };
		344538E421D539C100959319 /* AppDelegate.swift */ = {isa = PBXFileReference; lastKnownFileType = sourcecode.swift; path = AppDelegate.swift; sourceTree = "<group>"; };
		344538EB21D539C100959319 /* Assets.xcassets */ = {isa = PBXFileReference; lastKnownFileType = folder.assetcatalog; path = Assets.xcassets; sourceTree = "<group>"; };
		344538EE21D539C100959319 /* Base */ = {isa = PBXFileReference; lastKnownFileType = file.storyboard; name = Base; path = Base.lproj/LaunchScreen.storyboard; sourceTree = "<group>"; };
		344538F021D539C100959319 /* Info.plist */ = {isa = PBXFileReference; lastKnownFileType = text.plist.xml; path = Info.plist; sourceTree = "<group>"; };
		344538F721D53A4900959319 /* Application.swift */ = {isa = PBXFileReference; lastKnownFileType = sourcecode.swift; path = Application.swift; sourceTree = "<group>"; };
		344538FA21D53A9500959319 /* ModulesCoordinator.swift */ = {isa = PBXFileReference; lastKnownFileType = sourcecode.swift; path = ModulesCoordinator.swift; sourceTree = "<group>"; };
		3445390421D53C6700959319 /* FlickraInteractor.swift */ = {isa = PBXFileReference; lastKnownFileType = sourcecode.swift; path = FlickraInteractor.swift; sourceTree = "<group>"; };
		3445390621D53C8500959319 /* FlickraInteractorProtocol.swift */ = {isa = PBXFileReference; lastKnownFileType = sourcecode.swift; path = FlickraInteractorProtocol.swift; sourceTree = "<group>"; };
		3445390821D53CA200959319 /* FlickraPresenter.swift */ = {isa = PBXFileReference; lastKnownFileType = sourcecode.swift; path = FlickraPresenter.swift; sourceTree = "<group>"; };
		3445390A21D53CB400959319 /* FlickraPresenterProtocol.swift */ = {isa = PBXFileReference; lastKnownFileType = sourcecode.swift; path = FlickraPresenterProtocol.swift; sourceTree = "<group>"; };
		3445390C21D53CF100959319 /* FlickraAssembly.swift */ = {isa = PBXFileReference; lastKnownFileType = sourcecode.swift; path = FlickraAssembly.swift; sourceTree = "<group>"; };
		3445390E21D53D4400959319 /* FlickraView.swift */ = {isa = PBXFileReference; lastKnownFileType = sourcecode.swift; path = FlickraView.swift; sourceTree = "<group>"; };
		3445391021D53D6900959319 /* FlickraStoryboard.storyboard */ = {isa = PBXFileReference; lastKnownFileType = file.storyboard; path = FlickraStoryboard.storyboard; sourceTree = "<group>"; };
		3445391221D5456800959319 /* FlickraViewProtocol.swift */ = {isa = PBXFileReference; lastKnownFileType = sourcecode.swift; path = FlickraViewProtocol.swift; sourceTree = "<group>"; };
		3445391921D60E2600959319 /* PhotosResponse.swift */ = {isa = PBXFileReference; lastKnownFileType = sourcecode.swift; path = PhotosResponse.swift; sourceTree = "<group>"; };
		3457242C21D7840E004A806A /* PhotoCellView.swift */ = {isa = PBXFileReference; lastKnownFileType = sourcecode.swift; path = PhotoCellView.swift; sourceTree = "<group>"; };
		3457242F21D7851D004A806A /* PhotoCellViewProtocol.swift */ = {isa = PBXFileReference; lastKnownFileType = sourcecode.swift; path = PhotoCellViewProtocol.swift; sourceTree = "<group>"; };
		3457243121D78559004A806A /* PhotoCellView.xib */ = {isa = PBXFileReference; lastKnownFileType = file.xib; path = PhotoCellView.xib; sourceTree = "<group>"; };
		3457243321D792A1004A806A /* PhotosStorage.swift */ = {isa = PBXFileReference; lastKnownFileType = sourcecode.swift; path = PhotosStorage.swift; sourceTree = "<group>"; };
		3457243521D7942B004A806A /* PhotosStorageProtocol.swift */ = {isa = PBXFileReference; lastKnownFileType = sourcecode.swift; path = PhotosStorageProtocol.swift; sourceTree = "<group>"; };
		3457243821D8CB20004A806A /* PhotosModel.swift */ = {isa = PBXFileReference; lastKnownFileType = sourcecode.swift; path = PhotosModel.swift; sourceTree = "<group>"; };
		D17E8404DD8416017549412D /* Pods-FlickraTable.debug.xcconfig */ = {isa = PBXFileReference; includeInIndex = 1; lastKnownFileType = text.xcconfig; name = "Pods-FlickraTable.debug.xcconfig"; path = "Pods/Target Support Files/Pods-FlickraTable/Pods-FlickraTable.debug.xcconfig"; sourceTree = "<group>"; };
		FBBA956EB40621598DFBD4A3 /* Pods_FlickraTable.framework */ = {isa = PBXFileReference; explicitFileType = wrapper.framework; includeInIndex = 0; path = Pods_FlickraTable.framework; sourceTree = BUILT_PRODUCTS_DIR; };
/* End PBXFileReference section */

/* Begin PBXFrameworksBuildPhase section */
		344538DE21D539C000959319 /* Frameworks */ = {
			isa = PBXFrameworksBuildPhase;
			buildActionMask = 2147483647;
			files = (
				659C11F18D8A37BC333C6030 /* Pods_FlickraTable.framework in Frameworks */,
			);
			runOnlyForDeploymentPostprocessing = 0;
		};
/* End PBXFrameworksBuildPhase section */

/* Begin PBXGroup section */
		344538D821D539C000959319 = {
			isa = PBXGroup;
			children = (
				344538E321D539C100959319 /* FlickraTable */,
				344538E221D539C100959319 /* Products */,
				DB0966D0626C1F14DA1C3F1E /* Pods */,
				3BC45C1F0151EEDAE798A0BF /* Frameworks */,
			);
			sourceTree = "<group>";
		};
		344538E221D539C100959319 /* Products */ = {
			isa = PBXGroup;
			children = (
				344538E121D539C100959319 /* FlickraTable.app */,
			);
			name = Products;
			sourceTree = "<group>";
		};
		344538E321D539C100959319 /* FlickraTable */ = {
			isa = PBXGroup;
			children = (
				344538F021D539C100959319 /* Info.plist */,
				3445390021D53B4300959319 /* Resources */,
				344538F621D539CF00959319 /* App */,
				344538F921D53A7000959319 /* ModulesCoordinator */,
				3445390121D53BA500959319 /* FlickraModule */,
			);
			path = FlickraTable;
			sourceTree = "<group>";
		};
		344538F621D539CF00959319 /* App */ = {
			isa = PBXGroup;
			children = (
				344538E421D539C100959319 /* AppDelegate.swift */,
				344538F721D53A4900959319 /* Application.swift */,
			);
			path = App;
			sourceTree = "<group>";
		};
		344538F921D53A7000959319 /* ModulesCoordinator */ = {
			isa = PBXGroup;
			children = (
				344538FA21D53A9500959319 /* ModulesCoordinator.swift */,
			);
			path = ModulesCoordinator;
			sourceTree = "<group>";
		};
		344538FC21D53AE900959319 /* Presenter */ = {
			isa = PBXGroup;
			children = (
				3445390821D53CA200959319 /* FlickraPresenter.swift */,
				3445390A21D53CB400959319 /* FlickraPresenterProtocol.swift */,
			);
			path = Presenter;
			sourceTree = "<group>";
		};
		344538FD21D53AF900959319 /* Interactor */ = {
			isa = PBXGroup;
			children = (
				3445390421D53C6700959319 /* FlickraInteractor.swift */,
				3445390621D53C8500959319 /* FlickraInteractorProtocol.swift */,
			);
			path = Interactor;
			sourceTree = "<group>";
		};
		344538FE21D53B1100959319 /* Assembly */ = {
			isa = PBXGroup;
			children = (
				3445390C21D53CF100959319 /* FlickraAssembly.swift */,
			);
			path = Assembly;
			sourceTree = "<group>";
		};
		344538FF21D53B2B00959319 /* View */ = {
			isa = PBXGroup;
			children = (
				3457242E21D78416004A806A /* PhotoCell */,
				3445390E21D53D4400959319 /* FlickraView.swift */,
				3445391221D5456800959319 /* FlickraViewProtocol.swift */,
				3445391021D53D6900959319 /* FlickraStoryboard.storyboard */,
			);
			path = View;
			sourceTree = "<group>";
		};
		3445390021D53B4300959319 /* Resources */ = {
			isa = PBXGroup;
			children = (
				344538EB21D539C100959319 /* Assets.xcassets */,
				344538ED21D539C100959319 /* LaunchScreen.storyboard */,
			);
			path = Resources;
			sourceTree = "<group>";
		};
		3445390121D53BA500959319 /* FlickraModule */ = {
			isa = PBXGroup;
			children = (
				3445391421D54D1B00959319 /* Entity */,
				344538FE21D53B1100959319 /* Assembly */,
				344538FD21D53AF900959319 /* Interactor */,
				344538FC21D53AE900959319 /* Presenter */,
				344538FF21D53B2B00959319 /* View */,
			);
			path = FlickraModule;
			sourceTree = "<group>";
		};
		3445391421D54D1B00959319 /* Entity */ = {
			isa = PBXGroup;
			children = (
				3457243721D79442004A806A /* PhotosStorage */,
				3445391921D60E2600959319 /* PhotosResponse.swift */,
				3457243821D8CB20004A806A /* PhotosModel.swift */,
			);
			path = Entity;
			sourceTree = "<group>";
		};
		3457242E21D78416004A806A /* PhotoCell */ = {
			isa = PBXGroup;
			children = (
				3457242C21D7840E004A806A /* PhotoCellView.swift */,
				3457242F21D7851D004A806A /* PhotoCellViewProtocol.swift */,
				3457243121D78559004A806A /* PhotoCellView.xib */,
			);
			path = PhotoCell;
			sourceTree = "<group>";
		};
		3457243721D79442004A806A /* PhotosStorage */ = {
			isa = PBXGroup;
			children = (
				3457243321D792A1004A806A /* PhotosStorage.swift */,
				3457243521D7942B004A806A /* PhotosStorageProtocol.swift */,
			);
			path = PhotosStorage;
			sourceTree = "<group>";
		};
		3BC45C1F0151EEDAE798A0BF /* Frameworks */ = {
			isa = PBXGroup;
			children = (
				FBBA956EB40621598DFBD4A3 /* Pods_FlickraTable.framework */,
			);
			name = Frameworks;
			sourceTree = "<group>";
		};
		DB0966D0626C1F14DA1C3F1E /* Pods */ = {
			isa = PBXGroup;
			children = (
				D17E8404DD8416017549412D /* Pods-FlickraTable.debug.xcconfig */,
				1FA3C0ABD4FC3DDF19584E89 /* Pods-FlickraTable.release.xcconfig */,
			);
			name = Pods;
			sourceTree = "<group>";
		};
/* End PBXGroup section */

/* Begin PBXNativeTarget section */
		344538E021D539C000959319 /* FlickraTable */ = {
			isa = PBXNativeTarget;
			buildConfigurationList = 344538F321D539C100959319 /* Build configuration list for PBXNativeTarget "FlickraTable" */;
			buildPhases = (
				56392B2CECC0380E1812A0B6 /* [CP] Check Pods Manifest.lock */,
				344538DD21D539C000959319 /* Sources */,
				344538DE21D539C000959319 /* Frameworks */,
				344538DF21D539C000959319 /* Resources */,
				ABA1F071FACF8898A7632C2A /* [CP] Embed Pods Frameworks */,
			);
			buildRules = (
			);
			dependencies = (
			);
			name = FlickraTable;
			productName = FlickraTable;
			productReference = 344538E121D539C100959319 /* FlickraTable.app */;
			productType = "com.apple.product-type.application";
		};
/* End PBXNativeTarget section */

/* Begin PBXProject section */
		344538D921D539C000959319 /* Project object */ = {
			isa = PBXProject;
			attributes = {
				LastSwiftUpdateCheck = 1010;
				LastUpgradeCheck = 1010;
				ORGANIZATIONNAME = "Артур";
				TargetAttributes = {
					344538E021D539C000959319 = {
						CreatedOnToolsVersion = 10.1;
					};
				};
			};
			buildConfigurationList = 344538DC21D539C000959319 /* Build configuration list for PBXProject "FlickraTable" */;
			compatibilityVersion = "Xcode 9.3";
			developmentRegion = en;
			hasScannedForEncodings = 0;
			knownRegions = (
				en,
				Base,
			);
			mainGroup = 344538D821D539C000959319;
			productRefGroup = 344538E221D539C100959319 /* Products */;
			projectDirPath = "";
			projectRoot = "";
			targets = (
				344538E021D539C000959319 /* FlickraTable */,
			);
		};
/* End PBXProject section */

/* Begin PBXResourcesBuildPhase section */
		344538DF21D539C000959319 /* Resources */ = {
			isa = PBXResourcesBuildPhase;
			buildActionMask = 2147483647;
			files = (
				3445391121D53D6900959319 /* FlickraStoryboard.storyboard in Resources */,
				344538EF21D539C100959319 /* LaunchScreen.storyboard in Resources */,
				344538EC21D539C100959319 /* Assets.xcassets in Resources */,
				3457243221D78559004A806A /* PhotoCellView.xib in Resources */,
			);
			runOnlyForDeploymentPostprocessing = 0;
		};
/* End PBXResourcesBuildPhase section */

/* Begin PBXShellScriptBuildPhase section */
		56392B2CECC0380E1812A0B6 /* [CP] Check Pods Manifest.lock */ = {
			isa = PBXShellScriptBuildPhase;
			buildActionMask = 2147483647;
			files = (
			);
			inputFileListPaths = (
			);
			inputPaths = (
				"${PODS_PODFILE_DIR_PATH}/Podfile.lock",
				"${PODS_ROOT}/Manifest.lock",
			);
			name = "[CP] Check Pods Manifest.lock";
			outputFileListPaths = (
			);
			outputPaths = (
				"$(DERIVED_FILE_DIR)/Pods-FlickraTable-checkManifestLockResult.txt",
			);
			runOnlyForDeploymentPostprocessing = 0;
			shellPath = /bin/sh;
			shellScript = "diff \"${PODS_PODFILE_DIR_PATH}/Podfile.lock\" \"${PODS_ROOT}/Manifest.lock\" > /dev/null\nif [ $? != 0 ] ; then\n    # print error to STDERR\n    echo \"error: The sandbox is not in sync with the Podfile.lock. Run 'pod install' or update your CocoaPods installation.\" >&2\n    exit 1\nfi\n# This output is used by Xcode 'outputs' to avoid re-running this script phase.\necho \"SUCCESS\" > \"${SCRIPT_OUTPUT_FILE_0}\"\n";
			showEnvVarsInLog = 0;
		};
		ABA1F071FACF8898A7632C2A /* [CP] Embed Pods Frameworks */ = {
			isa = PBXShellScriptBuildPhase;
			buildActionMask = 2147483647;
			files = (
			);
			inputFileListPaths = (
			);
			inputPaths = (
				"${SRCROOT}/Pods/Target Support Files/Pods-FlickraTable/Pods-FlickraTable-frameworks.sh",
				"${BUILT_PRODUCTS_DIR}/Kingfisher/Kingfisher.framework",
			);
			name = "[CP] Embed Pods Frameworks";
			outputFileListPaths = (
			);
			outputPaths = (
				"${TARGET_BUILD_DIR}/${FRAMEWORKS_FOLDER_PATH}/Kingfisher.framework",
			);
			runOnlyForDeploymentPostprocessing = 0;
			shellPath = /bin/sh;
			shellScript = "\"${SRCROOT}/Pods/Target Support Files/Pods-FlickraTable/Pods-FlickraTable-frameworks.sh\"\n";
			showEnvVarsInLog = 0;
		};
/* End PBXShellScriptBuildPhase section */

/* Begin PBXSourcesBuildPhase section */
		344538DD21D539C000959319 /* Sources */ = {
			isa = PBXSourcesBuildPhase;
			buildActionMask = 2147483647;
			files = (
				344538FB21D53A9500959319 /* ModulesCoordinator.swift in Sources */,
				3445390721D53C8500959319 /* FlickraInteractorProtocol.swift in Sources */,
				3457243421D792A1004A806A /* PhotosStorage.swift in Sources */,
				3445390F21D53D4400959319 /* FlickraView.swift in Sources */,
				3445391A21D60E2600959319 /* PhotosResponse.swift in Sources */,
				3445390921D53CA200959319 /* FlickraPresenter.swift in Sources */,
				344538F821D53A4900959319 /* Application.swift in Sources */,
				3457242D21D7840E004A806A /* PhotoCellView.swift in Sources */,
				3445391321D5456800959319 /* FlickraViewProtocol.swift in Sources */,
				3457243021D7851D004A806A /* PhotoCellViewProtocol.swift in Sources */,
				3445390521D53C6700959319 /* FlickraInteractor.swift in Sources */,
				3445390D21D53CF100959319 /* FlickraAssembly.swift in Sources */,
				344538E521D539C100959319 /* AppDelegate.swift in Sources */,
				3457243621D7942B004A806A /* PhotosStorageProtocol.swift in Sources */,
				3445390B21D53CB400959319 /* FlickraPresenterProtocol.swift in Sources */,
				3457243921D8CB20004A806A /* PhotosModel.swift in Sources */,
			);
			runOnlyForDeploymentPostprocessing = 0;
		};
/* End PBXSourcesBuildPhase section */

/* Begin PBXVariantGroup section */
		344538ED21D539C100959319 /* LaunchScreen.storyboard */ = {
			isa = PBXVariantGroup;
			children = (
				344538EE21D539C100959319 /* Base */,
			);
			name = LaunchScreen.storyboard;
			sourceTree = "<group>";
		};
/* End PBXVariantGroup section */

/* Begin XCBuildConfiguration section */
		344538F121D539C100959319 /* Debug */ = {
			isa = XCBuildConfiguration;
			buildSettings = {
				ALWAYS_SEARCH_USER_PATHS = NO;
				CLANG_ANALYZER_NONNULL = YES;
				CLANG_ANALYZER_NUMBER_OBJECT_CONVERSION = YES_AGGRESSIVE;
				CLANG_CXX_LANGUAGE_STANDARD = "gnu++14";
				CLANG_CXX_LIBRARY = "libc++";
				CLANG_ENABLE_MODULES = YES;
				CLANG_ENABLE_OBJC_ARC = YES;
				CLANG_ENABLE_OBJC_WEAK = YES;
				CLANG_WARN_BLOCK_CAPTURE_AUTORELEASING = YES;
				CLANG_WARN_BOOL_CONVERSION = YES;
				CLANG_WARN_COMMA = YES;
				CLANG_WARN_CONSTANT_CONVERSION = YES;
				CLANG_WARN_DEPRECATED_OBJC_IMPLEMENTATIONS = YES;
				CLANG_WARN_DIRECT_OBJC_ISA_USAGE = YES_ERROR;
				CLANG_WARN_DOCUMENTATION_COMMENTS = YES;
				CLANG_WARN_EMPTY_BODY = YES;
				CLANG_WARN_ENUM_CONVERSION = YES;
				CLANG_WARN_INFINITE_RECURSION = YES;
				CLANG_WARN_INT_CONVERSION = YES;
				CLANG_WARN_NON_LITERAL_NULL_CONVERSION = YES;
				CLANG_WARN_OBJC_IMPLICIT_RETAIN_SELF = YES;
				CLANG_WARN_OBJC_LITERAL_CONVERSION = YES;
				CLANG_WARN_OBJC_ROOT_CLASS = YES_ERROR;
				CLANG_WARN_RANGE_LOOP_ANALYSIS = YES;
				CLANG_WARN_STRICT_PROTOTYPES = YES;
				CLANG_WARN_SUSPICIOUS_MOVE = YES;
				CLANG_WARN_UNGUARDED_AVAILABILITY = YES_AGGRESSIVE;
				CLANG_WARN_UNREACHABLE_CODE = YES;
				CLANG_WARN__DUPLICATE_METHOD_MATCH = YES;
				CODE_SIGN_IDENTITY = "iPhone Developer";
				COPY_PHASE_STRIP = NO;
				DEBUG_INFORMATION_FORMAT = dwarf;
				ENABLE_STRICT_OBJC_MSGSEND = YES;
				ENABLE_TESTABILITY = YES;
				GCC_C_LANGUAGE_STANDARD = gnu11;
				GCC_DYNAMIC_NO_PIC = NO;
				GCC_NO_COMMON_BLOCKS = YES;
				GCC_OPTIMIZATION_LEVEL = 0;
				GCC_PREPROCESSOR_DEFINITIONS = (
					"DEBUG=1",
					"$(inherited)",
				);
				GCC_WARN_64_TO_32_BIT_CONVERSION = YES;
				GCC_WARN_ABOUT_RETURN_TYPE = YES_ERROR;
				GCC_WARN_UNDECLARED_SELECTOR = YES;
				GCC_WARN_UNINITIALIZED_AUTOS = YES_AGGRESSIVE;
				GCC_WARN_UNUSED_FUNCTION = YES;
				GCC_WARN_UNUSED_VARIABLE = YES;
				IPHONEOS_DEPLOYMENT_TARGET = 12.1;
				MTL_ENABLE_DEBUG_INFO = INCLUDE_SOURCE;
				MTL_FAST_MATH = YES;
				ONLY_ACTIVE_ARCH = YES;
				SDKROOT = iphoneos;
				SWIFT_ACTIVE_COMPILATION_CONDITIONS = DEBUG;
				SWIFT_OPTIMIZATION_LEVEL = "-Onone";
			};
			name = Debug;
		};
		344538F221D539C100959319 /* Release */ = {
			isa = XCBuildConfiguration;
			buildSettings = {
				ALWAYS_SEARCH_USER_PATHS = NO;
				CLANG_ANALYZER_NONNULL = YES;
				CLANG_ANALYZER_NUMBER_OBJECT_CONVERSION = YES_AGGRESSIVE;
				CLANG_CXX_LANGUAGE_STANDARD = "gnu++14";
				CLANG_CXX_LIBRARY = "libc++";
				CLANG_ENABLE_MODULES = YES;
				CLANG_ENABLE_OBJC_ARC = YES;
				CLANG_ENABLE_OBJC_WEAK = YES;
				CLANG_WARN_BLOCK_CAPTURE_AUTORELEASING = YES;
				CLANG_WARN_BOOL_CONVERSION = YES;
				CLANG_WARN_COMMA = YES;
				CLANG_WARN_CONSTANT_CONVERSION = YES;
				CLANG_WARN_DEPRECATED_OBJC_IMPLEMENTATIONS = YES;
				CLANG_WARN_DIRECT_OBJC_ISA_USAGE = YES_ERROR;
				CLANG_WARN_DOCUMENTATION_COMMENTS = YES;
				CLANG_WARN_EMPTY_BODY = YES;
				CLANG_WARN_ENUM_CONVERSION = YES;
				CLANG_WARN_INFINITE_RECURSION = YES;
				CLANG_WARN_INT_CONVERSION = YES;
				CLANG_WARN_NON_LITERAL_NULL_CONVERSION = YES;
				CLANG_WARN_OBJC_IMPLICIT_RETAIN_SELF = YES;
				CLANG_WARN_OBJC_LITERAL_CONVERSION = YES;
				CLANG_WARN_OBJC_ROOT_CLASS = YES_ERROR;
				CLANG_WARN_RANGE_LOOP_ANALYSIS = YES;
				CLANG_WARN_STRICT_PROTOTYPES = YES;
				CLANG_WARN_SUSPICIOUS_MOVE = YES;
				CLANG_WARN_UNGUARDED_AVAILABILITY = YES_AGGRESSIVE;
				CLANG_WARN_UNREACHABLE_CODE = YES;
				CLANG_WARN__DUPLICATE_METHOD_MATCH = YES;
				CODE_SIGN_IDENTITY = "iPhone Developer";
				COPY_PHASE_STRIP = NO;
				DEBUG_INFORMATION_FORMAT = "dwarf-with-dsym";
				ENABLE_NS_ASSERTIONS = NO;
				ENABLE_STRICT_OBJC_MSGSEND = YES;
				GCC_C_LANGUAGE_STANDARD = gnu11;
				GCC_NO_COMMON_BLOCKS = YES;
				GCC_WARN_64_TO_32_BIT_CONVERSION = YES;
				GCC_WARN_ABOUT_RETURN_TYPE = YES_ERROR;
				GCC_WARN_UNDECLARED_SELECTOR = YES;
				GCC_WARN_UNINITIALIZED_AUTOS = YES_AGGRESSIVE;
				GCC_WARN_UNUSED_FUNCTION = YES;
				GCC_WARN_UNUSED_VARIABLE = YES;
				IPHONEOS_DEPLOYMENT_TARGET = 12.1;
				MTL_ENABLE_DEBUG_INFO = NO;
				MTL_FAST_MATH = YES;
				SDKROOT = iphoneos;
				SWIFT_COMPILATION_MODE = wholemodule;
				SWIFT_OPTIMIZATION_LEVEL = "-O";
				VALIDATE_PRODUCT = YES;
			};
			name = Release;
		};
		344538F421D539C100959319 /* Debug */ = {
			isa = XCBuildConfiguration;
			baseConfigurationReference = D17E8404DD8416017549412D /* Pods-FlickraTable.debug.xcconfig */;
			buildSettings = {
				ASSETCATALOG_COMPILER_APPICON_NAME = AppIcon;
				CODE_SIGN_STYLE = Automatic;
				DEVELOPMENT_TEAM = 49TJ4B58D9;
				INFOPLIST_FILE = FlickraTable/Info.plist;
				LD_RUNPATH_SEARCH_PATHS = (
					"$(inherited)",
					"@executable_path/Frameworks",
				);
				PRODUCT_BUNDLE_IDENTIFIER = ArturRuzhnikov.FlickraTable;
				PRODUCT_NAME = "$(TARGET_NAME)";
				SWIFT_VERSION = 4.2;
				TARGETED_DEVICE_FAMILY = "1,2";
			};
			name = Debug;
		};
		344538F521D539C100959319 /* Release */ = {
			isa = XCBuildConfiguration;
			baseConfigurationReference = 1FA3C0ABD4FC3DDF19584E89 /* Pods-FlickraTable.release.xcconfig */;
			buildSettings = {
				ASSETCATALOG_COMPILER_APPICON_NAME = AppIcon;
				CODE_SIGN_STYLE = Automatic;
				DEVELOPMENT_TEAM = 49TJ4B58D9;
				INFOPLIST_FILE = FlickraTable/Info.plist;
				LD_RUNPATH_SEARCH_PATHS = (
					"$(inherited)",
					"@executable_path/Frameworks",
				);
				PRODUCT_BUNDLE_IDENTIFIER = ArturRuzhnikov.FlickraTable;
				PRODUCT_NAME = "$(TARGET_NAME)";
				SWIFT_VERSION = 4.2;
				TARGETED_DEVICE_FAMILY = "1,2";
			};
			name = Release;
		};
/* End XCBuildConfiguration section */

/* Begin XCConfigurationList section */
		344538DC21D539C000959319 /* Build configuration list for PBXProject "FlickraTable" */ = {
			isa = XCConfigurationList;
			buildConfigurations = (
				344538F121D539C100959319 /* Debug */,
				344538F221D539C100959319 /* Release */,
			);
			defaultConfigurationIsVisible = 0;
			defaultConfigurationName = Release;
		};
		344538F321D539C100959319 /* Build configuration list for PBXNativeTarget "FlickraTable" */ = {
			isa = XCConfigurationList;
			buildConfigurations = (
				344538F421D539C100959319 /* Debug */,
				344538F521D539C100959319 /* Release */,
			);
			defaultConfigurationIsVisible = 0;
			defaultConfigurationName = Release;
		};
/* End XCConfigurationList section */
	};
	rootObject = 344538D921D539C000959319 /* Project object */;
}
